
Microsoft Visual Studio Solution File, Format Version 12.00
# Visual Studio Version 16
VisualStudioVersion = 16.0.31025.194
MinimumVisualStudioVersion = 10.0.40219.1
Project("{FAE04EC0-301F-11D3-BF4B-00C04F79EFBC}") = "TaskBarMemo", "TaskBarMemo\TaskBarMemo.csproj", "{0DAE5360-4545-421A-8F10-DC2FC3641FCA}"
EndProject
Global
	GlobalSection(SolutionConfigurationPlatforms) = preSolution
		Debug|Any CPU = Debug|Any CPU
		Release|Any CPU = Release|Any CPU
	EndGlobalSection
	GlobalSection(ProjectConfigurationPlatforms) = postSolution
		{0DAE5360-4545-421A-8F10-DC2FC3641FCA}.Debug|Any CPU.ActiveCfg = Debug|Any CPU
		{0DAE5360-4545-421A-8F10-DC2FC3641FCA}.Debug|Any CPU.Build.0 = Debug|Any CPU
		{0DAE5360-4545-421A-8F10-DC2FC3641FCA}.Release|Any CPU.ActiveCfg = Release|Any CPU
		{0DAE5360-4545-421A-8F10-DC2FC3641FCA}.Release|Any CPU.Build.0 = Release|Any CPU
	EndGlobalSection
	GlobalSection(SolutionProperties) = preSolution
		HideSolutionNode = FALSE
	EndGlobalSection
	GlobalSection(ExtensibilityGlobals) = postSolution
		SolutionGuid = {70C8C1B9-4544-4D98-B804-1359DB1036DB}
	EndGlobalSection
EndGlobal
